
Microsoft Visual Studio Solution File, Format Version 12.00
# Visual Studio 14
VisualStudioVersion = 14.0.25420.1
MinimumVisualStudioVersion = 10.0.40219.1
Project("{FAE04EC0-301F-11D3-BF4B-00C04F79EFBC}") = "FriendApp.Droid", "FriendApp\FriendApp.Droid\FriendApp.Droid.csproj", "{00224733-16EF-4D1C-BF96-0D9B2D52C465}"
EndProject
Project("{FAE04EC0-301F-11D3-BF4B-00C04F79EFBC}") = "FriendApp.iOS", "FriendApp\FriendApp.iOS\FriendApp.iOS.csproj", "{5986F0C9-4085-4307-9EF0-872A56BD87D2}"
EndProject
Project("{FAE04EC0-301F-11D3-BF4B-00C04F79EFBC}") = "FriendApp", "FriendApp\FriendApp\FriendApp.csproj", "{1A0C29F6-BC4A-40F7-B9A4-012716B12F62}"
EndProject
Project("{FAE04EC0-301F-11D3-BF4B-00C04F79EFBC}") = "Utils", "Utils\Utils.csproj", "{67F9D3A8-F71E-4428-913F-C37AE82CDB24}"
EndProject
Project("{FAE04EC0-301F-11D3-BF4B-00C04F79EFBC}") = "DataStore.Abstractions", "FriendApp\DataStore.Abstractions\DataStore.Abstractions.csproj", "{992EAEF2-377E-41F0-BADD-6EF5A897776B}"
EndProject
Project("{FAE04EC0-301F-11D3-BF4B-00C04F79EFBC}") = "DataObjects", "FriendApp\DataObjects\DataObjects.csproj", "{4FCB0CF2-74BB-4B49-916F-82465DBF2951}"
EndProject
Global
	GlobalSection(SolutionConfigurationPlatforms) = preSolution
		Ad-Hoc|Any CPU = Ad-Hoc|Any CPU
		Ad-Hoc|ARM = Ad-Hoc|ARM
		Ad-Hoc|iPhone = Ad-Hoc|iPhone
		Ad-Hoc|iPhoneSimulator = Ad-Hoc|iPhoneSimulator
		Ad-Hoc|x64 = Ad-Hoc|x64
		Ad-Hoc|x86 = Ad-Hoc|x86
		AppStore|Any CPU = AppStore|Any CPU
		AppStore|ARM = AppStore|ARM
		AppStore|iPhone = AppStore|iPhone
		AppStore|iPhoneSimulator = AppStore|iPhoneSimulator
		AppStore|x64 = AppStore|x64
		AppStore|x86 = AppStore|x86
		Debug|Any CPU = Debug|Any CPU
		Debug|ARM = Debug|ARM
		Debug|iPhone = Debug|iPhone
		Debug|iPhoneSimulator = Debug|iPhoneSimulator
		Debug|x64 = Debug|x64
		Debug|x86 = Debug|x86
		Release|Any CPU = Release|Any CPU
		Release|ARM = Release|ARM
		Release|iPhone = Release|iPhone
		Release|iPhoneSimulator = Release|iPhoneSimulator
		Release|x64 = Release|x64
		Release|x86 = Release|x86
	EndGlobalSection
	GlobalSection(ProjectConfigurationPlatforms) = postSolution
		{00224733-16EF-4D1C-BF96-0D9B2D52C465}.Ad-Hoc|Any CPU.ActiveCfg = Release|Any CPU
		{00224733-16EF-4D1C-BF96-0D9B2D52C465}.Ad-Hoc|Any CPU.Build.0 = Release|Any CPU
		{00224733-16EF-4D1C-BF96-0D9B2D52C465}.Ad-Hoc|Any CPU.Deploy.0 = Release|Any CPU
		{00224733-16EF-4D1C-BF96-0D9B2D52C465}.Ad-Hoc|ARM.ActiveCfg = Release|Any CPU
		{00224733-16EF-4D1C-BF96-0D9B2D52C465}.Ad-Hoc|ARM.Build.0 = Release|Any CPU
		{00224733-16EF-4D1C-BF96-0D9B2D52C465}.Ad-Hoc|ARM.Deploy.0 = Release|Any CPU
		{00224733-16EF-4D1C-BF96-0D9B2D52C465}.Ad-Hoc|iPhone.ActiveCfg = Release|Any CPU
		{00224733-16EF-4D1C-BF96-0D9B2D52C465}.Ad-Hoc|iPhone.Build.0 = Release|Any CPU
		{00224733-16EF-4D1C-BF96-0D9B2D52C465}.Ad-Hoc|iPhone.Deploy.0 = Release|Any CPU
		{00224733-16EF-4D1C-BF96-0D9B2D52C465}.Ad-Hoc|iPhoneSimulator.ActiveCfg = Release|Any CPU
		{00224733-16EF-4D1C-BF96-0D9B2D52C465}.Ad-Hoc|iPhoneSimulator.Build.0 = Release|Any CPU
		{00224733-16EF-4D1C-BF96-0D9B2D52C465}.Ad-Hoc|iPhoneSimulator.Deploy.0 = Release|Any CPU
		{00224733-16EF-4D1C-BF96-0D9B2D52C465}.Ad-Hoc|x64.ActiveCfg = Release|Any CPU
		{00224733-16EF-4D1C-BF96-0D9B2D52C465}.Ad-Hoc|x64.Build.0 = Release|Any CPU
		{00224733-16EF-4D1C-BF96-0D9B2D52C465}.Ad-Hoc|x64.Deploy.0 = Release|Any CPU
		{00224733-16EF-4D1C-BF96-0D9B2D52C465}.Ad-Hoc|x86.ActiveCfg = Release|Any CPU
		{00224733-16EF-4D1C-BF96-0D9B2D52C465}.Ad-Hoc|x86.Build.0 = Release|Any CPU
		{00224733-16EF-4D1C-BF96-0D9B2D52C465}.Ad-Hoc|x86.Deploy.0 = Release|Any CPU
		{00224733-16EF-4D1C-BF96-0D9B2D52C465}.AppStore|Any CPU.ActiveCfg = Release|Any CPU
		{00224733-16EF-4D1C-BF96-0D9B2D52C465}.AppStore|Any CPU.Build.0 = Release|Any CPU
		{00224733-16EF-4D1C-BF96-0D9B2D52C465}.AppStore|Any CPU.Deploy.0 = Release|Any CPU
		{00224733-16EF-4D1C-BF96-0D9B2D52C465}.AppStore|ARM.ActiveCfg = Release|Any CPU
		{00224733-16EF-4D1C-BF96-0D9B2D52C465}.AppStore|ARM.Build.0 = Release|Any CPU
		{00224733-16EF-4D1C-BF96-0D9B2D52C465}.AppStore|ARM.Deploy.0 = Release|Any CPU
		{00224733-16EF-4D1C-BF96-0D9B2D52C465}.AppStore|iPhone.ActiveCfg = Release|Any CPU
		{00224733-16EF-4D1C-BF96-0D9B2D52C465}.AppStore|iPhone.Build.0 = Release|Any CPU
		{00224733-16EF-4D1C-BF96-0D9B2D52C465}.AppStore|iPhone.Deploy.0 = Release|Any CPU
		{00224733-16EF-4D1C-BF96-0D9B2D52C465}.AppStore|iPhoneSimulator.ActiveCfg = Release|Any CPU
		{00224733-16EF-4D1C-BF96-0D9B2D52C465}.AppStore|iPhoneSimulator.Build.0 = Release|Any CPU
		{00224733-16EF-4D1C-BF96-0D9B2D52C465}.AppStore|iPhoneSimulator.Deploy.0 = Release|Any CPU
		{00224733-16EF-4D1C-BF96-0D9B2D52C465}.AppStore|x64.ActiveCfg = Release|Any CPU
		{00224733-16EF-4D1C-BF96-0D9B2D52C465}.AppStore|x64.Build.0 = Release|Any CPU
		{00224733-16EF-4D1C-BF96-0D9B2D52C465}.AppStore|x64.Deploy.0 = Release|Any CPU
		{00224733-16EF-4D1C-BF96-0D9B2D52C465}.AppStore|x86.ActiveCfg = Release|Any CPU
		{00224733-16EF-4D1C-BF96-0D9B2D52C465}.AppStore|x86.Build.0 = Release|Any CPU
		{00224733-16EF-4D1C-BF96-0D9B2D52C465}.AppStore|x86.Deploy.0 = Release|Any CPU
		{00224733-16EF-4D1C-BF96-0D9B2D52C465}.Debug|Any CPU.ActiveCfg = Debug|Any CPU
		{00224733-16EF-4D1C-BF96-0D9B2D52C465}.Debug|Any CPU.Build.0 = Debug|Any CPU
		{00224733-16EF-4D1C-BF96-0D9B2D52C465}.Debug|Any CPU.Deploy.0 = Debug|Any CPU
		{00224733-16EF-4D1C-BF96-0D9B2D52C465}.Debug|ARM.ActiveCfg = Debug|Any CPU
		{00224733-16EF-4D1C-BF96-0D9B2D52C465}.Debug|ARM.Build.0 = Debug|Any CPU
		{00224733-16EF-4D1C-BF96-0D9B2D52C465}.Debug|ARM.Deploy.0 = Debug|Any CPU
		{00224733-16EF-4D1C-BF96-0D9B2D52C465}.Debug|iPhone.ActiveCfg = Debug|Any CPU
		{00224733-16EF-4D1C-BF96-0D9B2D52C465}.Debug|iPhone.Build.0 = Debug|Any CPU
		{00224733-16EF-4D1C-BF96-0D9B2D52C465}.Debug|iPhone.Deploy.0 = Debug|Any CPU
		{00224733-16EF-4D1C-BF96-0D9B2D52C465}.Debug|iPhoneSimulator.ActiveCfg = Debug|Any CPU
		{00224733-16EF-4D1C-BF96-0D9B2D52C465}.Debug|iPhoneSimulator.Build.0 = Debug|Any CPU
		{00224733-16EF-4D1C-BF96-0D9B2D52C465}.Debug|iPhoneSimulator.Deploy.0 = Debug|Any CPU
		{00224733-16EF-4D1C-BF96-0D9B2D52C465}.Debug|x64.ActiveCfg = Debug|Any CPU
		{00224733-16EF-4D1C-BF96-0D9B2D52C465}.Debug|x64.Build.0 = Debug|Any CPU
		{00224733-16EF-4D1C-BF96-0D9B2D52C465}.Debug|x64.Deploy.0 = Debug|Any CPU
		{00224733-16EF-4D1C-BF96-0D9B2D52C465}.Debug|x86.ActiveCfg = Debug|Any CPU
		{00224733-16EF-4D1C-BF96-0D9B2D52C465}.Debug|x86.Build.0 = Debug|Any CPU
		{00224733-16EF-4D1C-BF96-0D9B2D52C465}.Debug|x86.Deploy.0 = Debug|Any CPU
		{00224733-16EF-4D1C-BF96-0D9B2D52C465}.Release|Any CPU.ActiveCfg = Release|Any CPU
		{00224733-16EF-4D1C-BF96-0D9B2D52C465}.Release|Any CPU.Build.0 = Release|Any CPU
		{00224733-16EF-4D1C-BF96-0D9B2D52C465}.Release|Any CPU.Deploy.0 = Release|Any CPU
		{00224733-16EF-4D1C-BF96-0D9B2D52C465}.Release|ARM.ActiveCfg = Release|Any CPU
		{00224733-16EF-4D1C-BF96-0D9B2D52C465}.Release|ARM.Build.0 = Release|Any CPU
		{00224733-16EF-4D1C-BF96-0D9B2D52C465}.Release|ARM.Deploy.0 = Release|Any CPU
		{00224733-16EF-4D1C-BF96-0D9B2D52C465}.Release|iPhone.ActiveCfg = Release|Any CPU
		{00224733-16EF-4D1C-BF96-0D9B2D52C465}.Release|iPhone.Build.0 = Release|Any CPU
		{00224733-16EF-4D1C-BF96-0D9B2D52C465}.Release|iPhone.Deploy.0 = Release|Any CPU
		{00224733-16EF-4D1C-BF96-0D9B2D52C465}.Release|iPhoneSimulator.ActiveCfg = Release|Any CPU
		{00224733-16EF-4D1C-BF96-0D9B2D52C465}.Release|iPhoneSimulator.Build.0 = Release|Any CPU
		{00224733-16EF-4D1C-BF96-0D9B2D52C465}.Release|iPhoneSimulator.Deploy.0 = Release|Any CPU
		{00224733-16EF-4D1C-BF96-0D9B2D52C465}.Release|x64.ActiveCfg = Release|Any CPU
		{00224733-16EF-4D1C-BF96-0D9B2D52C465}.Release|x64.Build.0 = Release|Any CPU
		{00224733-16EF-4D1C-BF96-0D9B2D52C465}.Release|x64.Deploy.0 = Release|Any CPU
		{00224733-16EF-4D1C-BF96-0D9B2D52C465}.Release|x86.ActiveCfg = Release|Any CPU
		{00224733-16EF-4D1C-BF96-0D9B2D52C465}.Release|x86.Build.0 = Release|Any CPU
		{00224733-16EF-4D1C-BF96-0D9B2D52C465}.Release|x86.Deploy.0 = Release|Any CPU
		{5986F0C9-4085-4307-9EF0-872A56BD87D2}.Ad-Hoc|Any CPU.ActiveCfg = Ad-Hoc|iPhone
		{5986F0C9-4085-4307-9EF0-872A56BD87D2}.Ad-Hoc|ARM.ActiveCfg = Ad-Hoc|iPhone
		{5986F0C9-4085-4307-9EF0-872A56BD87D2}.Ad-Hoc|iPhone.ActiveCfg = Ad-Hoc|iPhone
		{5986F0C9-4085-4307-9EF0-872A56BD87D2}.Ad-Hoc|iPhone.Build.0 = Ad-Hoc|iPhone
		{5986F0C9-4085-4307-9EF0-872A56BD87D2}.Ad-Hoc|iPhoneSimulator.ActiveCfg = Ad-Hoc|iPhoneSimulator
		{5986F0C9-4085-4307-9EF0-872A56BD87D2}.Ad-Hoc|iPhoneSimulator.Build.0 = Ad-Hoc|iPhoneSimulator
		{5986F0C9-4085-4307-9EF0-872A56BD87D2}.Ad-Hoc|x64.ActiveCfg = Ad-Hoc|iPhone
		{5986F0C9-4085-4307-9EF0-872A56BD87D2}.Ad-Hoc|x86.ActiveCfg = Ad-Hoc|iPhone
		{5986F0C9-4085-4307-9EF0-872A56BD87D2}.AppStore|Any CPU.ActiveCfg = AppStore|iPhone
		{5986F0C9-4085-4307-9EF0-872A56BD87D2}.AppStore|ARM.ActiveCfg = AppStore|iPhone
		{5986F0C9-4085-4307-9EF0-872A56BD87D2}.AppStore|iPhone.ActiveCfg = AppStore|iPhone
		{5986F0C9-4085-4307-9EF0-872A56BD87D2}.AppStore|iPhone.Build.0 = AppStore|iPhone
		{5986F0C9-4085-4307-9EF0-872A56BD87D2}.AppStore|iPhoneSimulator.ActiveCfg = AppStore|iPhoneSimulator
		{5986F0C9-4085-4307-9EF0-872A56BD87D2}.AppStore|iPhoneSimulator.Build.0 = AppStore|iPhoneSimulator
		{5986F0C9-4085-4307-9EF0-872A56BD87D2}.AppStore|x64.ActiveCfg = AppStore|iPhone
		{5986F0C9-4085-4307-9EF0-872A56BD87D2}.AppStore|x86.ActiveCfg = AppStore|iPhone
		{5986F0C9-4085-4307-9EF0-872A56BD87D2}.Debug|Any CPU.ActiveCfg = Debug|iPhone
		{5986F0C9-4085-4307-9EF0-872A56BD87D2}.Debug|ARM.ActiveCfg = Debug|iPhone
		{5986F0C9-4085-4307-9EF0-872A56BD87D2}.Debug|iPhone.ActiveCfg = Debug|iPhone
		{5986F0C9-4085-4307-9EF0-872A56BD87D2}.Debug|iPhone.Build.0 = Debug|iPhone
		{5986F0C9-4085-4307-9EF0-872A56BD87D2}.Debug|iPhoneSimulator.ActiveCfg = Debug|iPhoneSimulator
		{5986F0C9-4085-4307-9EF0-872A56BD87D2}.Debug|iPhoneSimulator.Build.0 = Debug|iPhoneSimulator
		{5986F0C9-4085-4307-9EF0-872A56BD87D2}.Debug|x64.ActiveCfg = Debug|iPhone
		{5986F0C9-4085-4307-9EF0-872A56BD87D2}.Debug|x86.ActiveCfg = Debug|iPhone
		{5986F0C9-4085-4307-9EF0-872A56BD87D2}.Release|Any CPU.ActiveCfg = Release|iPhone
		{5986F0C9-4085-4307-9EF0-872A56BD87D2}.Release|ARM.ActiveCfg = Release|iPhone
		{5986F0C9-4085-4307-9EF0-872A56BD87D2}.Release|iPhone.ActiveCfg = Release|iPhone
		{5986F0C9-4085-4307-9EF0-872A56BD87D2}.Release|iPhone.Build.0 = Release|iPhone
		{5986F0C9-4085-4307-9EF0-872A56BD87D2}.Release|iPhoneSimulator.ActiveCfg = Release|iPhoneSimulator
		{5986F0C9-4085-4307-9EF0-872A56BD87D2}.Release|iPhoneSimulator.Build.0 = Release|iPhoneSimulator
		{5986F0C9-4085-4307-9EF0-872A56BD87D2}.Release|x64.ActiveCfg = Release|iPhone
		{5986F0C9-4085-4307-9EF0-872A56BD87D2}.Release|x86.ActiveCfg = Release|iPhone
		{1A0C29F6-BC4A-40F7-B9A4-012716B12F62}.Ad-Hoc|Any CPU.ActiveCfg = Release|Any CPU
		{1A0C29F6-BC4A-40F7-B9A4-012716B12F62}.Ad-Hoc|Any CPU.Build.0 = Release|Any CPU
		{1A0C29F6-BC4A-40F7-B9A4-012716B12F62}.Ad-Hoc|ARM.ActiveCfg = Release|Any CPU
		{1A0C29F6-BC4A-40F7-B9A4-012716B12F62}.Ad-Hoc|ARM.Build.0 = Release|Any CPU
		{1A0C29F6-BC4A-40F7-B9A4-012716B12F62}.Ad-Hoc|iPhone.ActiveCfg = Release|Any CPU
		{1A0C29F6-BC4A-40F7-B9A4-012716B12F62}.Ad-Hoc|iPhone.Build.0 = Release|Any CPU
		{1A0C29F6-BC4A-40F7-B9A4-012716B12F62}.Ad-Hoc|iPhoneSimulator.ActiveCfg = Release|Any CPU
		{1A0C29F6-BC4A-40F7-B9A4-012716B12F62}.Ad-Hoc|iPhoneSimulator.Build.0 = Release|Any CPU
		{1A0C29F6-BC4A-40F7-B9A4-012716B12F62}.Ad-Hoc|x64.ActiveCfg = Release|Any CPU
		{1A0C29F6-BC4A-40F7-B9A4-012716B12F62}.Ad-Hoc|x64.Build.0 = Release|Any CPU
		{1A0C29F6-BC4A-40F7-B9A4-012716B12F62}.Ad-Hoc|x86.ActiveCfg = Release|Any CPU
		{1A0C29F6-BC4A-40F7-B9A4-012716B12F62}.Ad-Hoc|x86.Build.0 = Release|Any CPU
		{1A0C29F6-BC4A-40F7-B9A4-012716B12F62}.AppStore|Any CPU.ActiveCfg = Release|Any CPU
		{1A0C29F6-BC4A-40F7-B9A4-012716B12F62}.AppStore|Any CPU.Build.0 = Release|Any CPU
		{1A0C29F6-BC4A-40F7-B9A4-012716B12F62}.AppStore|ARM.ActiveCfg = Release|Any CPU
		{1A0C29F6-BC4A-40F7-B9A4-012716B12F62}.AppStore|ARM.Build.0 = Release|Any CPU
		{1A0C29F6-BC4A-40F7-B9A4-012716B12F62}.AppStore|iPhone.ActiveCfg = Release|Any CPU
		{1A0C29F6-BC4A-40F7-B9A4-012716B12F62}.AppStore|iPhone.Build.0 = Release|Any CPU
		{1A0C29F6-BC4A-40F7-B9A4-012716B12F62}.AppStore|iPhoneSimulator.ActiveCfg = Release|Any CPU
		{1A0C29F6-BC4A-40F7-B9A4-012716B12F62}.AppStore|iPhoneSimulator.Build.0 = Release|Any CPU
		{1A0C29F6-BC4A-40F7-B9A4-012716B12F62}.AppStore|x64.ActiveCfg = Release|Any CPU
		{1A0C29F6-BC4A-40F7-B9A4-012716B12F62}.AppStore|x64.Build.0 = Release|Any CPU
		{1A0C29F6-BC4A-40F7-B9A4-012716B12F62}.AppStore|x86.ActiveCfg = Release|Any CPU
		{1A0C29F6-BC4A-40F7-B9A4-012716B12F62}.AppStore|x86.Build.0 = Release|Any CPU
		{1A0C29F6-BC4A-40F7-B9A4-012716B12F62}.Debug|Any CPU.ActiveCfg = Debug|Any CPU
		{1A0C29F6-BC4A-40F7-B9A4-012716B12F62}.Debug|Any CPU.Build.0 = Debug|Any CPU
		{1A0C29F6-BC4A-40F7-B9A4-012716B12F62}.Debug|ARM.ActiveCfg = Debug|Any CPU
		{1A0C29F6-BC4A-40F7-B9A4-012716B12F62}.Debug|ARM.Build.0 = Debug|Any CPU
		{1A0C29F6-BC4A-40F7-B9A4-012716B12F62}.Debug|iPhone.ActiveCfg = Debug|Any CPU
		{1A0C29F6-BC4A-40F7-B9A4-012716B12F62}.Debug|iPhone.Build.0 = Debug|Any CPU
		{1A0C29F6-BC4A-40F7-B9A4-012716B12F62}.Debug|iPhoneSimulator.ActiveCfg = Debug|Any CPU
		{1A0C29F6-BC4A-40F7-B9A4-012716B12F62}.Debug|iPhoneSimulator.Build.0 = Debug|Any CPU
		{1A0C29F6-BC4A-40F7-B9A4-012716B12F62}.Debug|x64.ActiveCfg = Debug|Any CPU
		{1A0C29F6-BC4A-40F7-B9A4-012716B12F62}.Debug|x64.Build.0 = Debug|Any CPU
		{1A0C29F6-BC4A-40F7-B9A4-012716B12F62}.Debug|x86.ActiveCfg = Debug|Any CPU
		{1A0C29F6-BC4A-40F7-B9A4-012716B12F62}.Debug|x86.Build.0 = Debug|Any CPU
		{1A0C29F6-BC4A-40F7-B9A4-012716B12F62}.Release|Any CPU.ActiveCfg = Release|Any CPU
		{1A0C29F6-BC4A-40F7-B9A4-012716B12F62}.Release|Any CPU.Build.0 = Release|Any CPU
		{1A0C29F6-BC4A-40F7-B9A4-012716B12F62}.Release|ARM.ActiveCfg = Release|Any CPU
		{1A0C29F6-BC4A-40F7-B9A4-012716B12F62}.Release|ARM.Build.0 = Release|Any CPU
		{1A0C29F6-BC4A-40F7-B9A4-012716B12F62}.Release|iPhone.ActiveCfg = Release|Any CPU
		{1A0C29F6-BC4A-40F7-B9A4-012716B12F62}.Release|iPhone.Build.0 = Release|Any CPU
		{1A0C29F6-BC4A-40F7-B9A4-012716B12F62}.Release|iPhoneSimulator.ActiveCfg = Release|Any CPU
		{1A0C29F6-BC4A-40F7-B9A4-012716B12F62}.Release|iPhoneSimulator.Build.0 = Release|Any CPU
		{1A0C29F6-BC4A-40F7-B9A4-012716B12F62}.Release|x64.ActiveCfg = Release|Any CPU
		{1A0C29F6-BC4A-40F7-B9A4-012716B12F62}.Release|x64.Build.0 = Release|Any CPU
		{1A0C29F6-BC4A-40F7-B9A4-012716B12F62}.Release|x86.ActiveCfg = Release|Any CPU
		{1A0C29F6-BC4A-40F7-B9A4-012716B12F62}.Release|x86.Build.0 = Release|Any CPU
		{67F9D3A8-F71E-4428-913F-C37AE82CDB24}.Ad-Hoc|Any CPU.ActiveCfg = Release|Any CPU
		{67F9D3A8-F71E-4428-913F-C37AE82CDB24}.Ad-Hoc|Any CPU.Build.0 = Release|Any CPU
		{67F9D3A8-F71E-4428-913F-C37AE82CDB24}.Ad-Hoc|ARM.ActiveCfg = Release|Any CPU
		{67F9D3A8-F71E-4428-913F-C37AE82CDB24}.Ad-Hoc|ARM.Build.0 = Release|Any CPU
		{67F9D3A8-F71E-4428-913F-C37AE82CDB24}.Ad-Hoc|iPhone.ActiveCfg = Release|Any CPU
		{67F9D3A8-F71E-4428-913F-C37AE82CDB24}.Ad-Hoc|iPhone.Build.0 = Release|Any CPU
		{67F9D3A8-F71E-4428-913F-C37AE82CDB24}.Ad-Hoc|iPhoneSimulator.ActiveCfg = Release|Any CPU
		{67F9D3A8-F71E-4428-913F-C37AE82CDB24}.Ad-Hoc|iPhoneSimulator.Build.0 = Release|Any CPU
		{67F9D3A8-F71E-4428-913F-C37AE82CDB24}.Ad-Hoc|x64.ActiveCfg = Release|Any CPU
		{67F9D3A8-F71E-4428-913F-C37AE82CDB24}.Ad-Hoc|x64.Build.0 = Release|Any CPU
		{67F9D3A8-F71E-4428-913F-C37AE82CDB24}.Ad-Hoc|x86.ActiveCfg = Release|Any CPU
		{67F9D3A8-F71E-4428-913F-C37AE82CDB24}.Ad-Hoc|x86.Build.0 = Release|Any CPU
		{67F9D3A8-F71E-4428-913F-C37AE82CDB24}.AppStore|Any CPU.ActiveCfg = Release|Any CPU
		{67F9D3A8-F71E-4428-913F-C37AE82CDB24}.AppStore|Any CPU.Build.0 = Release|Any CPU
		{67F9D3A8-F71E-4428-913F-C37AE82CDB24}.AppStore|ARM.ActiveCfg = Release|Any CPU
		{67F9D3A8-F71E-4428-913F-C37AE82CDB24}.AppStore|ARM.Build.0 = Release|Any CPU
		{67F9D3A8-F71E-4428-913F-C37AE82CDB24}.AppStore|iPhone.ActiveCfg = Release|Any CPU
		{67F9D3A8-F71E-4428-913F-C37AE82CDB24}.AppStore|iPhone.Build.0 = Release|Any CPU
		{67F9D3A8-F71E-4428-913F-C37AE82CDB24}.AppStore|iPhoneSimulator.ActiveCfg = Release|Any CPU
		{67F9D3A8-F71E-4428-913F-C37AE82CDB24}.AppStore|iPhoneSimulator.Build.0 = Release|Any CPU
		{67F9D3A8-F71E-4428-913F-C37AE82CDB24}.AppStore|x64.ActiveCfg = Release|Any CPU
		{67F9D3A8-F71E-4428-913F-C37AE82CDB24}.AppStore|x64.Build.0 = Release|Any CPU
		{67F9D3A8-F71E-4428-913F-C37AE82CDB24}.AppStore|x86.ActiveCfg = Release|Any CPU
		{67F9D3A8-F71E-4428-913F-C37AE82CDB24}.AppStore|x86.Build.0 = Release|Any CPU
		{67F9D3A8-F71E-4428-913F-C37AE82CDB24}.Debug|Any CPU.ActiveCfg = Debug|Any CPU
		{67F9D3A8-F71E-4428-913F-C37AE82CDB24}.Debug|Any CPU.Build.0 = Debug|Any CPU
		{67F9D3A8-F71E-4428-913F-C37AE82CDB24}.Debug|ARM.ActiveCfg = Debug|Any CPU
		{67F9D3A8-F71E-4428-913F-C37AE82CDB24}.Debug|ARM.Build.0 = Debug|Any CPU
		{67F9D3A8-F71E-4428-913F-C37AE82CDB24}.Debug|iPhone.ActiveCfg = Debug|Any CPU
		{67F9D3A8-F71E-4428-913F-C37AE82CDB24}.Debug|iPhone.Build.0 = Debug|Any CPU
		{67F9D3A8-F71E-4428-913F-C37AE82CDB24}.Debug|iPhoneSimulator.ActiveCfg = Debug|Any CPU
		{67F9D3A8-F71E-4428-913F-C37AE82CDB24}.Debug|iPhoneSimulator.Build.0 = Debug|Any CPU
		{67F9D3A8-F71E-4428-913F-C37AE82CDB24}.Debug|x64.ActiveCfg = Debug|Any CPU
		{67F9D3A8-F71E-4428-913F-C37AE82CDB24}.Debug|x64.Build.0 = Debug|Any CPU
		{67F9D3A8-F71E-4428-913F-C37AE82CDB24}.Debug|x86.ActiveCfg = Debug|Any CPU
		{67F9D3A8-F71E-4428-913F-C37AE82CDB24}.Debug|x86.Build.0 = Debug|Any CPU
		{67F9D3A8-F71E-4428-913F-C37AE82CDB24}.Release|Any CPU.ActiveCfg = Release|Any CPU
		{67F9D3A8-F71E-4428-913F-C37AE82CDB24}.Release|Any CPU.Build.0 = Release|Any CPU
		{67F9D3A8-F71E-4428-913F-C37AE82CDB24}.Release|ARM.ActiveCfg = Release|Any CPU
		{67F9D3A8-F71E-4428-913F-C37AE82CDB24}.Release|ARM.Build.0 = Release|Any CPU
		{67F9D3A8-F71E-4428-913F-C37AE82CDB24}.Release|iPhone.ActiveCfg = Release|Any CPU
		{67F9D3A8-F71E-4428-913F-C37AE82CDB24}.Release|iPhone.Build.0 = Release|Any CPU
		{67F9D3A8-F71E-4428-913F-C37AE82CDB24}.Release|iPhoneSimulator.ActiveCfg = Release|Any CPU
		{67F9D3A8-F71E-4428-913F-C37AE82CDB24}.Release|iPhoneSimulator.Build.0 = Release|Any CPU
		{67F9D3A8-F71E-4428-913F-C37AE82CDB24}.Release|x64.ActiveCfg = Release|Any CPU
		{67F9D3A8-F71E-4428-913F-C37AE82CDB24}.Release|x64.Build.0 = Release|Any CPU
		{67F9D3A8-F71E-4428-913F-C37AE82CDB24}.Release|x86.ActiveCfg = Release|Any CPU
		{67F9D3A8-F71E-4428-913F-C37AE82CDB24}.Release|x86.Build.0 = Release|Any CPU
		{992EAEF2-377E-41F0-BADD-6EF5A897776B}.Ad-Hoc|Any CPU.ActiveCfg = Release|Any CPU
		{992EAEF2-377E-41F0-BADD-6EF5A897776B}.Ad-Hoc|Any CPU.Build.0 = Release|Any CPU
		{992EAEF2-377E-41F0-BADD-6EF5A897776B}.Ad-Hoc|ARM.ActiveCfg = Release|Any CPU
		{992EAEF2-377E-41F0-BADD-6EF5A897776B}.Ad-Hoc|ARM.Build.0 = Release|Any CPU
		{992EAEF2-377E-41F0-BADD-6EF5A897776B}.Ad-Hoc|iPhone.ActiveCfg = Release|Any CPU
		{992EAEF2-377E-41F0-BADD-6EF5A897776B}.Ad-Hoc|iPhone.Build.0 = Release|Any CPU
		{992EAEF2-377E-41F0-BADD-6EF5A897776B}.Ad-Hoc|iPhoneSimulator.ActiveCfg = Release|Any CPU
		{992EAEF2-377E-41F0-BADD-6EF5A897776B}.Ad-Hoc|iPhoneSimulator.Build.0 = Release|Any CPU
		{992EAEF2-377E-41F0-BADD-6EF5A897776B}.Ad-Hoc|x64.ActiveCfg = Release|Any CPU
		{992EAEF2-377E-41F0-BADD-6EF5A897776B}.Ad-Hoc|x64.Build.0 = Release|Any CPU
		{992EAEF2-377E-41F0-BADD-6EF5A897776B}.Ad-Hoc|x86.ActiveCfg = Release|Any CPU
		{992EAEF2-377E-41F0-BADD-6EF5A897776B}.Ad-Hoc|x86.Build.0 = Release|Any CPU
		{992EAEF2-377E-41F0-BADD-6EF5A897776B}.AppStore|Any CPU.ActiveCfg = Release|Any CPU
		{992EAEF2-377E-41F0-BADD-6EF5A897776B}.AppStore|Any CPU.Build.0 = Release|Any CPU
		{992EAEF2-377E-41F0-BADD-6EF5A897776B}.AppStore|ARM.ActiveCfg = Release|Any CPU
		{992EAEF2-377E-41F0-BADD-6EF5A897776B}.AppStore|ARM.Build.0 = Release|Any CPU
		{992EAEF2-377E-41F0-BADD-6EF5A897776B}.AppStore|iPhone.ActiveCfg = Release|Any CPU
		{992EAEF2-377E-41F0-BADD-6EF5A897776B}.AppStore|iPhone.Build.0 = Release|Any CPU
		{992EAEF2-377E-41F0-BADD-6EF5A897776B}.AppStore|iPhoneSimulator.ActiveCfg = Release|Any CPU
		{992EAEF2-377E-41F0-BADD-6EF5A897776B}.AppStore|iPhoneSimulator.Build.0 = Release|Any CPU
		{992EAEF2-377E-41F0-BADD-6EF5A897776B}.AppStore|x64.ActiveCfg = Release|Any CPU
		{992EAEF2-377E-41F0-BADD-6EF5A897776B}.AppStore|x64.Build.0 = Release|Any CPU
		{992EAEF2-377E-41F0-BADD-6EF5A897776B}.AppStore|x86.ActiveCfg = Release|Any CPU
		{992EAEF2-377E-41F0-BADD-6EF5A897776B}.AppStore|x86.Build.0 = Release|Any CPU
		{992EAEF2-377E-41F0-BADD-6EF5A897776B}.Debug|Any CPU.ActiveCfg = Debug|Any CPU
		{992EAEF2-377E-41F0-BADD-6EF5A897776B}.Debug|Any CPU.Build.0 = Debug|Any CPU
		{992EAEF2-377E-41F0-BADD-6EF5A897776B}.Debug|ARM.ActiveCfg = Debug|Any CPU
		{992EAEF2-377E-41F0-BADD-6EF5A897776B}.Debug|ARM.Build.0 = Debug|Any CPU
		{992EAEF2-377E-41F0-BADD-6EF5A897776B}.Debug|iPhone.ActiveCfg = Debug|Any CPU
		{992EAEF2-377E-41F0-BADD-6EF5A897776B}.Debug|iPhone.Build.0 = Debug|Any CPU
		{992EAEF2-377E-41F0-BADD-6EF5A897776B}.Debug|iPhoneSimulator.ActiveCfg = Debug|Any CPU
		{992EAEF2-377E-41F0-BADD-6EF5A897776B}.Debug|iPhoneSimulator.Build.0 = Debug|Any CPU
		{992EAEF2-377E-41F0-BADD-6EF5A897776B}.Debug|x64.ActiveCfg = Debug|Any CPU
		{992EAEF2-377E-41F0-BADD-6EF5A897776B}.Debug|x64.Build.0 = Debug|Any CPU
		{992EAEF2-377E-41F0-BADD-6EF5A897776B}.Debug|x86.ActiveCfg = Debug|Any CPU
		{992EAEF2-377E-41F0-BADD-6EF5A897776B}.Debug|x86.Build.0 = Debug|Any CPU
		{992EAEF2-377E-41F0-BADD-6EF5A897776B}.Release|Any CPU.ActiveCfg = Release|Any CPU
		{992EAEF2-377E-41F0-BADD-6EF5A897776B}.Release|Any CPU.Build.0 = Release|Any CPU
		{992EAEF2-377E-41F0-BADD-6EF5A897776B}.Release|ARM.ActiveCfg = Release|Any CPU
		{992EAEF2-377E-41F0-BADD-6EF5A897776B}.Release|ARM.Build.0 = Release|Any CPU
		{992EAEF2-377E-41F0-BADD-6EF5A897776B}.Release|iPhone.ActiveCfg = Release|Any CPU
		{992EAEF2-377E-41F0-BADD-6EF5A897776B}.Release|iPhone.Build.0 = Release|Any CPU
		{992EAEF2-377E-41F0-BADD-6EF5A897776B}.Release|iPhoneSimulator.ActiveCfg = Release|Any CPU
		{992EAEF2-377E-41F0-BADD-6EF5A897776B}.Release|iPhoneSimulator.Build.0 = Release|Any CPU
		{992EAEF2-377E-41F0-BADD-6EF5A897776B}.Release|x64.ActiveCfg = Release|Any CPU
		{992EAEF2-377E-41F0-BADD-6EF5A897776B}.Release|x64.Build.0 = Release|Any CPU
		{992EAEF2-377E-41F0-BADD-6EF5A897776B}.Release|x86.ActiveCfg = Release|Any CPU
		{992EAEF2-377E-41F0-BADD-6EF5A897776B}.Release|x86.Build.0 = Release|Any CPU
		{4FCB0CF2-74BB-4B49-916F-82465DBF2951}.Ad-Hoc|Any CPU.ActiveCfg = Release|Any CPU
		{4FCB0CF2-74BB-4B49-916F-82465DBF2951}.Ad-Hoc|Any CPU.Build.0 = Release|Any CPU
		{4FCB0CF2-74BB-4B49-916F-82465DBF2951}.Ad-Hoc|ARM.ActiveCfg = Release|Any CPU
		{4FCB0CF2-74BB-4B49-916F-82465DBF2951}.Ad-Hoc|ARM.Build.0 = Release|Any CPU
		{4FCB0CF2-74BB-4B49-916F-82465DBF2951}.Ad-Hoc|iPhone.ActiveCfg = Release|Any CPU
		{4FCB0CF2-74BB-4B49-916F-82465DBF2951}.Ad-Hoc|iPhone.Build.0 = Release|Any CPU
		{4FCB0CF2-74BB-4B49-916F-82465DBF2951}.Ad-Hoc|iPhoneSimulator.ActiveCfg = Release|Any CPU
		{4FCB0CF2-74BB-4B49-916F-82465DBF2951}.Ad-Hoc|iPhoneSimulator.Build.0 = Release|Any CPU
		{4FCB0CF2-74BB-4B49-916F-82465DBF2951}.Ad-Hoc|x64.ActiveCfg = Release|Any CPU
		{4FCB0CF2-74BB-4B49-916F-82465DBF2951}.Ad-Hoc|x64.Build.0 = Release|Any CPU
		{4FCB0CF2-74BB-4B49-916F-82465DBF2951}.Ad-Hoc|x86.ActiveCfg = Release|Any CPU
		{4FCB0CF2-74BB-4B49-916F-82465DBF2951}.Ad-Hoc|x86.Build.0 = Release|Any CPU
		{4FCB0CF2-74BB-4B49-916F-82465DBF2951}.AppStore|Any CPU.ActiveCfg = Release|Any CPU
		{4FCB0CF2-74BB-4B49-916F-82465DBF2951}.AppStore|Any CPU.Build.0 = Release|Any CPU
		{4FCB0CF2-74BB-4B49-916F-82465DBF2951}.AppStore|ARM.ActiveCfg = Release|Any CPU
		{4FCB0CF2-74BB-4B49-916F-82465DBF2951}.AppStore|ARM.Build.0 = Release|Any CPU
		{4FCB0CF2-74BB-4B49-916F-82465DBF2951}.AppStore|iPhone.ActiveCfg = Release|Any CPU
		{4FCB0CF2-74BB-4B49-916F-82465DBF2951}.AppStore|iPhone.Build.0 = Release|Any CPU
		{4FCB0CF2-74BB-4B49-916F-82465DBF2951}.AppStore|iPhoneSimulator.ActiveCfg = Release|Any CPU
		{4FCB0CF2-74BB-4B49-916F-82465DBF2951}.AppStore|iPhoneSimulator.Build.0 = Release|Any CPU
		{4FCB0CF2-74BB-4B49-916F-82465DBF2951}.AppStore|x64.ActiveCfg = Release|Any CPU
		{4FCB0CF2-74BB-4B49-916F-82465DBF2951}.AppStore|x64.Build.0 = Release|Any CPU
		{4FCB0CF2-74BB-4B49-916F-82465DBF2951}.AppStore|x86.ActiveCfg = Release|Any CPU
		{4FCB0CF2-74BB-4B49-916F-82465DBF2951}.AppStore|x86.Build.0 = Release|Any CPU
		{4FCB0CF2-74BB-4B49-916F-82465DBF2951}.Debug|Any CPU.ActiveCfg = Debug|Any CPU
		{4FCB0CF2-74BB-4B49-916F-82465DBF2951}.Debug|Any CPU.Build.0 = Debug|Any CPU
		{4FCB0CF2-74BB-4B49-916F-82465DBF2951}.Debug|ARM.ActiveCfg = Debug|Any CPU
		{4FCB0CF2-74BB-4B49-916F-82465DBF2951}.Debug|ARM.Build.0 = Debug|Any CPU
		{4FCB0CF2-74BB-4B49-916F-82465DBF2951}.Debug|iPhone.ActiveCfg = Debug|Any CPU
		{4FCB0CF2-74BB-4B49-916F-82465DBF2951}.Debug|iPhone.Build.0 = Debug|Any CPU
		{4FCB0CF2-74BB-4B49-916F-82465DBF2951}.Debug|iPhoneSimulator.ActiveCfg = Debug|Any CPU
		{4FCB0CF2-74BB-4B49-916F-82465DBF2951}.Debug|iPhoneSimulator.Build.0 = Debug|Any CPU
		{4FCB0CF2-74BB-4B49-916F-82465DBF2951}.Debug|x64.ActiveCfg = Debug|Any CPU
		{4FCB0CF2-74BB-4B49-916F-82465DBF2951}.Debug|x64.Build.0 = Debug|Any CPU
		{4FCB0CF2-74BB-4B49-916F-82465DBF2951}.Debug|x86.ActiveCfg = Debug|Any CPU
		{4FCB0CF2-74BB-4B49-916F-82465DBF2951}.Debug|x86.Build.0 = Debug|Any CPU
		{4FCB0CF2-74BB-4B49-916F-82465DBF2951}.Release|Any CPU.ActiveCfg = Release|Any CPU
		{4FCB0CF2-74BB-4B49-916F-82465DBF2951}.Release|Any CPU.Build.0 = Release|Any CPU
		{4FCB0CF2-74BB-4B49-916F-82465DBF2951}.Release|ARM.ActiveCfg = Release|Any CPU
		{4FCB0CF2-74BB-4B49-916F-82465DBF2951}.Release|ARM.Build.0 = Release|Any CPU
		{4FCB0CF2-74BB-4B49-916F-82465DBF2951}.Release|iPhone.ActiveCfg = Release|Any CPU
		{4FCB0CF2-74BB-4B49-916F-82465DBF2951}.Release|iPhone.Build.0 = Release|Any CPU
		{4FCB0CF2-74BB-4B49-916F-82465DBF2951}.Release|iPhoneSimulator.ActiveCfg = Release|Any CPU
		{4FCB0CF2-74BB-4B49-916F-82465DBF2951}.Release|iPhoneSimulator.Build.0 = Release|Any CPU
		{4FCB0CF2-74BB-4B49-916F-82465DBF2951}.Release|x64.ActiveCfg = Release|Any CPU
		{4FCB0CF2-74BB-4B49-916F-82465DBF2951}.Release|x64.Build.0 = Release|Any CPU
		{4FCB0CF2-74BB-4B49-916F-82465DBF2951}.Release|x86.ActiveCfg = Release|Any CPU
		{4FCB0CF2-74BB-4B49-916F-82465DBF2951}.Release|x86.Build.0 = Release|Any CPU
	EndGlobalSection
	GlobalSection(SolutionProperties) = preSolution
		HideSolutionNode = FALSE
	EndGlobalSection
EndGlobal
